
Microsoft Visual Studio Solution File, Format Version 12.00
# Visual Studio 15
VisualStudioVersion = 15.0.26430.16
MinimumVisualStudioVersion = 10.0.40219.1
Project("{9A19103F-16F7-4668-BE54-9A1E7A4F7556}") = "PopcornCoreTest", "PopcornCoreTest\PopcornCoreTest.csproj", "{EB9B2D00-1545-4AC3-8F52-49BE4DD0D69C}"
EndProject
Project("{9A19103F-16F7-4668-BE54-9A1E7A4F7556}") = "PopcornStandardTest", "PopcornStandardTest\PopcornStandardTest.csproj", "{AB46DC7B-4E75-4A2B-888C-1888051AC56F}"
EndProject
Project("{2150E333-8FDC-42A3-9474-1A3956D46DE8}") = "Test", "Test", "{E9AE8CC1-4EAE-4859-B33D-7BFFDA6174DF}"
EndProject
Project("{9A19103F-16F7-4668-BE54-9A1E7A4F7556}") = "PopcornCore", "PopcornCore\PopcornCore.csproj", "{72918F23-39A0-40CE-BCF1-501252EAF2E5}"
EndProject
Project("{9A19103F-16F7-4668-BE54-9A1E7A4F7556}") = "PopcornStandard", "PopcornStandard\PopcornStandard.csproj", "{585EAD08-1A9A-44FD-8344-62B12862B4CF}"
EndProject
Project("{2150E333-8FDC-42A3-9474-1A3956D46DE8}") = "Documentation", "Documentation", "{A7EEB6B5-2616-4E2A-BFAA-FE87FF7AD77B}"
	ProjectSection(SolutionItems) = preProject
		..\.gitattributes = ..\.gitattributes
		..\.gitignore = ..\.gitignore
		..\.gitlab-ci.yml = ..\.gitlab-ci.yml
		..\docs\Contributing.md = ..\docs\Contributing.md
		..\docs\Documentation.md = ..\docs\Documentation.md
		..\LICENSE = ..\LICENSE
		..\markdown.json = ..\markdown.json
		..\docs\QuickStart.md = ..\docs\QuickStart.md
		..\README.md = ..\README.md
		..\docs\Releases.md = ..\docs\Releases.md
		..\docs\Roadmap.md = ..\docs\Roadmap.md
		..\docs\TableOfContents.md = ..\docs\TableOfContents.md
	EndProjectSection
EndProject
Project("{2150E333-8FDC-42A3-9474-1A3956D46DE8}") = "Examples", "Examples", "{6927209F-F97B-4039-9702-1544DF636EFB}"
EndProject
Project("{9A19103F-16F7-4668-BE54-9A1E7A4F7556}") = "PopcornCoreExample", "PopcornCoreExample\PopcornCoreExample.csproj", "{BEA584BD-D6AC-43BB-98D7-C375522C25ED}"
EndProject
Global
	GlobalSection(SolutionConfigurationPlatforms) = preSolution
		Debug|Any CPU = Debug|Any CPU
		Release|Any CPU = Release|Any CPU
	EndGlobalSection
	GlobalSection(ProjectConfigurationPlatforms) = postSolution
		{EB9B2D00-1545-4AC3-8F52-49BE4DD0D69C}.Debug|Any CPU.ActiveCfg = Debug|Any CPU
		{EB9B2D00-1545-4AC3-8F52-49BE4DD0D69C}.Debug|Any CPU.Build.0 = Debug|Any CPU
		{EB9B2D00-1545-4AC3-8F52-49BE4DD0D69C}.Release|Any CPU.ActiveCfg = Release|Any CPU
		{EB9B2D00-1545-4AC3-8F52-49BE4DD0D69C}.Release|Any CPU.Build.0 = Release|Any CPU
		{AB46DC7B-4E75-4A2B-888C-1888051AC56F}.Debug|Any CPU.ActiveCfg = Debug|Any CPU
		{AB46DC7B-4E75-4A2B-888C-1888051AC56F}.Debug|Any CPU.Build.0 = Debug|Any CPU
		{AB46DC7B-4E75-4A2B-888C-1888051AC56F}.Release|Any CPU.ActiveCfg = Release|Any CPU
		{AB46DC7B-4E75-4A2B-888C-1888051AC56F}.Release|Any CPU.Build.0 = Release|Any CPU
		{72918F23-39A0-40CE-BCF1-501252EAF2E5}.Debug|Any CPU.ActiveCfg = Debug|Any CPU
		{72918F23-39A0-40CE-BCF1-501252EAF2E5}.Debug|Any CPU.Build.0 = Debug|Any CPU
		{72918F23-39A0-40CE-BCF1-501252EAF2E5}.Release|Any CPU.ActiveCfg = Release|Any CPU
		{72918F23-39A0-40CE-BCF1-501252EAF2E5}.Release|Any CPU.Build.0 = Release|Any CPU
		{585EAD08-1A9A-44FD-8344-62B12862B4CF}.Debug|Any CPU.ActiveCfg = Debug|Any CPU
		{585EAD08-1A9A-44FD-8344-62B12862B4CF}.Debug|Any CPU.Build.0 = Debug|Any CPU
		{585EAD08-1A9A-44FD-8344-62B12862B4CF}.Release|Any CPU.ActiveCfg = Release|Any CPU
		{585EAD08-1A9A-44FD-8344-62B12862B4CF}.Release|Any CPU.Build.0 = Release|Any CPU
		{BEA584BD-D6AC-43BB-98D7-C375522C25ED}.Debug|Any CPU.ActiveCfg = Debug|Any CPU
		{BEA584BD-D6AC-43BB-98D7-C375522C25ED}.Debug|Any CPU.Build.0 = Debug|Any CPU
		{BEA584BD-D6AC-43BB-98D7-C375522C25ED}.Release|Any CPU.ActiveCfg = Release|Any CPU
		{BEA584BD-D6AC-43BB-98D7-C375522C25ED}.Release|Any CPU.Build.0 = Release|Any CPU
	EndGlobalSection
	GlobalSection(SolutionProperties) = preSolution
		HideSolutionNode = FALSE
	EndGlobalSection
	GlobalSection(NestedProjects) = preSolution
		{EB9B2D00-1545-4AC3-8F52-49BE4DD0D69C} = {E9AE8CC1-4EAE-4859-B33D-7BFFDA6174DF}
		{AB46DC7B-4E75-4A2B-888C-1888051AC56F} = {E9AE8CC1-4EAE-4859-B33D-7BFFDA6174DF}
		{BEA584BD-D6AC-43BB-98D7-C375522C25ED} = {6927209F-F97B-4039-9702-1544DF636EFB}
	EndGlobalSection
	GlobalSection(ExtensibilityGlobals) = postSolution
		SolutionGuid = {667890E8-370A-4157-82AE-C1F63EA834AF}
	EndGlobalSection
EndGlobal
